
Microsoft Visual Studio Solution File, Format Version 11.00
# Visual Studio 2010
Project("{8BC9CEB8-8B4A-11D0-8D11-00A0C91BC942}") = "TEST", "TEST\TEST.vcxproj", "{A5E9BDC2-08FA-4BC3-A62C-A7BE0C26BFDA}"
EndProject
Global
	GlobalSection(SolutionConfigurationPlatforms) = preSolution
		Debug|Win32 = Debug|Win32
		Release|Win32 = Release|Win32
	EndGlobalSection
	GlobalSection(ProjectConfigurationPlatforms) = postSolution
		{A5E9BDC2-08FA-4BC3-A62C-A7BE0C26BFDA}.Debug|Win32.ActiveCfg = Debug|Win32
		{A5E9BDC2-08FA-4BC3-A62C-A7BE0C26BFDA}.Debug|Win32.Build.0 = Debug|Win32
		{A5E9BDC2-08FA-4BC3-A62C-A7BE0C26BFDA}.Release|Win32.ActiveCfg = Release|Win32
		{A5E9BDC2-08FA-4BC3-A62C-A7BE0C26BFDA}.Release|Win32.Build.0 = Release|Win32
	EndGlobalSection
	GlobalSection(SolutionProperties) = preSolution
		HideSolutionNode = FALSE
	EndGlobalSection
EndGlobal
